
Microsoft Visual Studio Solution File, Format Version 12.00
# Visual Studio 15
VisualStudioVersion = 15.0.26124.0
MinimumVisualStudioVersion = 15.0.26124.0
Project("{FAE04EC0-301F-11D3-BF4B-00C04F79EFBC}") = "CompactObliviousTransfer", "CompactObliviousTransfer\CompactObliviousTransfer.csproj", "{62B5F35C-F482-4956-8199-08BDDA79721A}"
EndProject
Project("{FAE04EC0-301F-11D3-BF4B-00C04F79EFBC}") = "CompactObliviousTransfer.Tests", "CompactObliviousTransfer.Tests\CompactObliviousTransfer.Tests.csproj", "{A10B21FB-EA58-4AC7-BC99-99062B9645E1}"
EndProject
Project("{2150E333-8FDC-42A3-9474-1A3956D46DE8}") = "Examples", "Examples", "{56C32A15-45A8-4ACE-9E5C-C373ECD23C5E}"
EndProject
Project("{FAE04EC0-301F-11D3-BF4B-00C04F79EFBC}") = "SimpleXor", "Examples\SimpleXor\SimpleXor.csproj", "{61F93195-30E0-4EEE-BCF5-B7F59F47BDFD}"
EndProject
Project("{FAE04EC0-301F-11D3-BF4B-00C04F79EFBC}") = "BeaverTriples", "Examples\BeaverTriples\BeaverTriples.csproj", "{D41E0A08-EB08-4FCA-A368-2E6ADA7DF454}"
EndProject
Project("{FAE04EC0-301F-11D3-BF4B-00C04F79EFBC}") = "GarbledCircuit", "Examples\GarbledCircuit\GarbledCircuit.csproj", "{B0AC03CE-8121-42A0-BB04-D9871D42073A}"
EndProject
Global
	GlobalSection(SolutionConfigurationPlatforms) = preSolution
		Debug|Any CPU = Debug|Any CPU
		Debug|x64 = Debug|x64
		Debug|x86 = Debug|x86
		Release|Any CPU = Release|Any CPU
		Release|x64 = Release|x64
		Release|x86 = Release|x86
	EndGlobalSection
	GlobalSection(SolutionProperties) = preSolution
		HideSolutionNode = FALSE
	EndGlobalSection
	GlobalSection(ProjectConfigurationPlatforms) = postSolution
		{62B5F35C-F482-4956-8199-08BDDA79721A}.Debug|Any CPU.ActiveCfg = Debug|Any CPU
		{62B5F35C-F482-4956-8199-08BDDA79721A}.Debug|Any CPU.Build.0 = Debug|Any CPU
		{62B5F35C-F482-4956-8199-08BDDA79721A}.Debug|x64.ActiveCfg = Debug|Any CPU
		{62B5F35C-F482-4956-8199-08BDDA79721A}.Debug|x64.Build.0 = Debug|Any CPU
		{62B5F35C-F482-4956-8199-08BDDA79721A}.Debug|x86.ActiveCfg = Debug|Any CPU
		{62B5F35C-F482-4956-8199-08BDDA79721A}.Debug|x86.Build.0 = Debug|Any CPU
		{62B5F35C-F482-4956-8199-08BDDA79721A}.Release|Any CPU.ActiveCfg = Release|Any CPU
		{62B5F35C-F482-4956-8199-08BDDA79721A}.Release|Any CPU.Build.0 = Release|Any CPU
		{62B5F35C-F482-4956-8199-08BDDA79721A}.Release|x64.ActiveCfg = Release|Any CPU
		{62B5F35C-F482-4956-8199-08BDDA79721A}.Release|x64.Build.0 = Release|Any CPU
		{62B5F35C-F482-4956-8199-08BDDA79721A}.Release|x86.ActiveCfg = Release|Any CPU
		{62B5F35C-F482-4956-8199-08BDDA79721A}.Release|x86.Build.0 = Release|Any CPU
		{A10B21FB-EA58-4AC7-BC99-99062B9645E1}.Debug|Any CPU.ActiveCfg = Debug|Any CPU
		{A10B21FB-EA58-4AC7-BC99-99062B9645E1}.Debug|Any CPU.Build.0 = Debug|Any CPU
		{A10B21FB-EA58-4AC7-BC99-99062B9645E1}.Debug|x64.ActiveCfg = Debug|Any CPU
		{A10B21FB-EA58-4AC7-BC99-99062B9645E1}.Debug|x64.Build.0 = Debug|Any CPU
		{A10B21FB-EA58-4AC7-BC99-99062B9645E1}.Debug|x86.ActiveCfg = Debug|Any CPU
		{A10B21FB-EA58-4AC7-BC99-99062B9645E1}.Debug|x86.Build.0 = Debug|Any CPU
		{A10B21FB-EA58-4AC7-BC99-99062B9645E1}.Release|Any CPU.ActiveCfg = Release|Any CPU
		{A10B21FB-EA58-4AC7-BC99-99062B9645E1}.Release|Any CPU.Build.0 = Release|Any CPU
		{A10B21FB-EA58-4AC7-BC99-99062B9645E1}.Release|x64.ActiveCfg = Release|Any CPU
		{A10B21FB-EA58-4AC7-BC99-99062B9645E1}.Release|x64.Build.0 = Release|Any CPU
		{A10B21FB-EA58-4AC7-BC99-99062B9645E1}.Release|x86.ActiveCfg = Release|Any CPU
		{A10B21FB-EA58-4AC7-BC99-99062B9645E1}.Release|x86.Build.0 = Release|Any CPU
		{61F93195-30E0-4EEE-BCF5-B7F59F47BDFD}.Debug|Any CPU.ActiveCfg = Debug|Any CPU
		{61F93195-30E0-4EEE-BCF5-B7F59F47BDFD}.Debug|Any CPU.Build.0 = Debug|Any CPU
		{61F93195-30E0-4EEE-BCF5-B7F59F47BDFD}.Debug|x64.ActiveCfg = Debug|Any CPU
		{61F93195-30E0-4EEE-BCF5-B7F59F47BDFD}.Debug|x64.Build.0 = Debug|Any CPU
		{61F93195-30E0-4EEE-BCF5-B7F59F47BDFD}.Debug|x86.ActiveCfg = Debug|Any CPU
		{61F93195-30E0-4EEE-BCF5-B7F59F47BDFD}.Debug|x86.Build.0 = Debug|Any CPU
		{61F93195-30E0-4EEE-BCF5-B7F59F47BDFD}.Release|Any CPU.ActiveCfg = Release|Any CPU
		{61F93195-30E0-4EEE-BCF5-B7F59F47BDFD}.Release|Any CPU.Build.0 = Release|Any CPU
		{61F93195-30E0-4EEE-BCF5-B7F59F47BDFD}.Release|x64.ActiveCfg = Release|Any CPU
		{61F93195-30E0-4EEE-BCF5-B7F59F47BDFD}.Release|x64.Build.0 = Release|Any CPU
		{61F93195-30E0-4EEE-BCF5-B7F59F47BDFD}.Release|x86.ActiveCfg = Release|Any CPU
		{61F93195-30E0-4EEE-BCF5-B7F59F47BDFD}.Release|x86.Build.0 = Release|Any CPU
		{D41E0A08-EB08-4FCA-A368-2E6ADA7DF454}.Debug|Any CPU.ActiveCfg = Debug|Any CPU
		{D41E0A08-EB08-4FCA-A368-2E6ADA7DF454}.Debug|Any CPU.Build.0 = Debug|Any CPU
		{D41E0A08-EB08-4FCA-A368-2E6ADA7DF454}.Debug|x64.ActiveCfg = Debug|Any CPU
		{D41E0A08-EB08-4FCA-A368-2E6ADA7DF454}.Debug|x64.Build.0 = Debug|Any CPU
		{D41E0A08-EB08-4FCA-A368-2E6ADA7DF454}.Debug|x86.ActiveCfg = Debug|Any CPU
		{D41E0A08-EB08-4FCA-A368-2E6ADA7DF454}.Debug|x86.Build.0 = Debug|Any CPU
		{D41E0A08-EB08-4FCA-A368-2E6ADA7DF454}.Release|Any CPU.ActiveCfg = Release|Any CPU
		{D41E0A08-EB08-4FCA-A368-2E6ADA7DF454}.Release|Any CPU.Build.0 = Release|Any CPU
		{D41E0A08-EB08-4FCA-A368-2E6ADA7DF454}.Release|x64.ActiveCfg = Release|Any CPU
		{D41E0A08-EB08-4FCA-A368-2E6ADA7DF454}.Release|x64.Build.0 = Release|Any CPU
		{D41E0A08-EB08-4FCA-A368-2E6ADA7DF454}.Release|x86.ActiveCfg = Release|Any CPU
		{D41E0A08-EB08-4FCA-A368-2E6ADA7DF454}.Release|x86.Build.0 = Release|Any CPU
		{B0AC03CE-8121-42A0-BB04-D9871D42073A}.Debug|Any CPU.ActiveCfg = Debug|Any CPU
		{B0AC03CE-8121-42A0-BB04-D9871D42073A}.Debug|Any CPU.Build.0 = Debug|Any CPU
		{B0AC03CE-8121-42A0-BB04-D9871D42073A}.Debug|x64.ActiveCfg = Debug|Any CPU
		{B0AC03CE-8121-42A0-BB04-D9871D42073A}.Debug|x64.Build.0 = Debug|Any CPU
		{B0AC03CE-8121-42A0-BB04-D9871D42073A}.Debug|x86.ActiveCfg = Debug|Any CPU
		{B0AC03CE-8121-42A0-BB04-D9871D42073A}.Debug|x86.Build.0 = Debug|Any CPU
		{B0AC03CE-8121-42A0-BB04-D9871D42073A}.Release|Any CPU.ActiveCfg = Release|Any CPU
		{B0AC03CE-8121-42A0-BB04-D9871D42073A}.Release|Any CPU.Build.0 = Release|Any CPU
		{B0AC03CE-8121-42A0-BB04-D9871D42073A}.Release|x64.ActiveCfg = Release|Any CPU
		{B0AC03CE-8121-42A0-BB04-D9871D42073A}.Release|x64.Build.0 = Release|Any CPU
		{B0AC03CE-8121-42A0-BB04-D9871D42073A}.Release|x86.ActiveCfg = Release|Any CPU
		{B0AC03CE-8121-42A0-BB04-D9871D42073A}.Release|x86.Build.0 = Release|Any CPU
	EndGlobalSection
	GlobalSection(NestedProjects) = preSolution
		{61F93195-30E0-4EEE-BCF5-B7F59F47BDFD} = {56C32A15-45A8-4ACE-9E5C-C373ECD23C5E}
		{D41E0A08-EB08-4FCA-A368-2E6ADA7DF454} = {56C32A15-45A8-4ACE-9E5C-C373ECD23C5E}
		{B0AC03CE-8121-42A0-BB04-D9871D42073A} = {56C32A15-45A8-4ACE-9E5C-C373ECD23C5E}
	EndGlobalSection
EndGlobal
